github.com/mingcheng/pidfile v0.0.0-20190611115408-fca41e770356 h1:aQL7dDXtbLZgpjKYm44XDq3juUKo6p+EafAeXn0rl+w=
github.com/mingcheng/pidfile v0.0.0-20190611115408-fca41e770356/go.mod h1:Zsnvk5nHdKHAEJFgTIwdfdOpAhs9rVsaVBiXooYYKR8=
golang.org/x/sys v0.0.0-20190602015325-4c4f7f33c9ed/go.mod h1:h1NjWce9XRLGQEsW7wpKNCjG9DtNlClVuFLEZdDNbEs=
